PODS:
  - ARCL (1.2.1)
  - GoogleMaps (3.1.0):
    - GoogleMaps/Maps (= 3.1.0)
  - GoogleMaps/Base (3.1.0)
  - GoogleMaps/Maps (3.1.0):
    - GoogleMaps/Base
  - Realm (3.19.1):
    - Realm/Headers (= 3.19.1)
  - Realm/Headers (3.19.1)
  - RealmSwift (3.19.1):
    - Realm (= 3.19.1)

DEPENDENCIES:
  - ARCL
  - GoogleMaps
  - RealmSwift

SPEC REPOS:
  https://github.com/cocoapods/specs.git:
    - ARCL
    - GoogleMaps
    - Realm
    - RealmSwift

SPEC CHECKSUMS:
  ARCL: d1a534afb4d5b8ff5c51c5cfe23bb998df36c606
  GoogleMaps: 5c13302e6fe6bb6e686b267196586b91cd594225
  Realm: fb377747e694c7deb62d402400454134fe321bee
  RealmSwift: 1302b0ab60f3105a2b214a735eeb0938607cf16b

PODFILE CHECKSUM: 20cc1216f3b1f98546c8824a307e8c2af3a92625

COCOAPODS: 1.7.1
